{
	"name": "react-native-circle-slider",
	"version": "2.0.0",
	"lockfileVersion": 1,
	"requires": true,
	"dependencies": {
		"boolbase": {
			"version": "1.0.0",
			"resolved": "https://registry.npmjs.org/boolbase/-/boolbase-1.0.0.tgz",
			"integrity": "sha1-aN/1++YMUes3cl6p4+0xDcwed24="
		},
		"css-select": {
			"version": "2.1.0",
			"resolved": "https://registry.npmjs.org/css-select/-/css-select-2.1.0.tgz",
			"integrity": "sha512-Dqk7LQKpwLoH3VovzZnkzegqNSuAziQyNZUcrdDM401iY+R5NkGBXGmtO05/yaXQziALuPogeG0b7UAgjnTJTQ==",
			"requires": {
				"boolbase": "^1.0.0",
				"css-what": "^3.2.1",
				"domutils": "^1.7.0",
				"nth-check": "^1.0.2"
			}
		},
		"css-tree": {
			"version": "1.0.0-alpha.39",
			"resolved": "https://registry.npmjs.org/css-tree/-/css-tree-1.0.0-alpha.39.tgz",
			"integrity": "sha512-7UvkEYgBAHRG9Nt980lYxjsTrCyHFN53ky3wVsDkiMdVqylqRt+Zc+jm5qw7/qyOvN2dHSYtX0e4MbCCExSvnA==",
			"requires": {
				"mdn-data": "2.0.6",
				"source-map": "^0.6.1"
			}
		},
		"css-what": {
			"version": "3.3.0",
			"resolved": "https://registry.npmjs.org/css-what/-/css-what-3.3.0.tgz",
			"integrity": "sha512-pv9JPyatiPaQ6pf4OvD/dbfm0o5LviWmwxNWzblYf/1u9QZd0ihV+PMwy5jdQWQ3349kZmKEx9WXuSka2dM4cg=="
		},
		"dom-serializer": {
			"version": "0.2.2",
			"resolved": "https://registry.npmjs.org/dom-serializer/-/dom-serializer-0.2.2.tgz",
			"integrity": "sha512-2/xPb3ORsQ42nHYiSunXkDjPLBaEj/xTwUO4B7XCZQTRk7EBtTOPaygh10YAAh2OI1Qrp6NWfpAhzswj0ydt9g==",
			"requires": {
				"domelementtype": "^2.0.1",
				"entities": "^2.0.0"
			},
			"dependencies": {
				"domelementtype": {
					"version": "2.0.2",
					"resolved": "https://registry.npmjs.org/domelementtype/-/domelementtype-2.0.2.tgz",
					"integrity": "sha512-wFwTwCVebUrMgGeAwRL/NhZtHAUyT9n9yg4IMDwf10+6iCMxSkVq9MGCVEH+QZWo1nNidy8kNvwmv4zWHDTqvA=="
				}
			}
		},
		"domelementtype": {
			"version": "1.3.1",
			"resolved": "https://registry.npmjs.org/domelementtype/-/domelementtype-1.3.1.tgz",
			"integrity": "sha512-BSKB+TSpMpFI/HOxCNr1O8aMOTZ8hT3pM3GQ0w/mWRmkhEDSFJkkyzz4XQsBV44BChwGkrDfMyjVD0eA2aFV3w=="
		},
		"domutils": {
			"version": "1.7.0",
			"resolved": "https://registry.npmjs.org/domutils/-/domutils-1.7.0.tgz",
			"integrity": "sha512-Lgd2XcJ/NjEw+7tFvfKxOzCYKZsdct5lczQ2ZaQY8Djz7pfAD3Gbp8ySJWtreII/vDlMVmxwa6pHmdxIYgttDg==",
			"requires": {
				"dom-serializer": "0",
				"domelementtype": "1"
			}
		},
		"entities": {
			"version": "2.0.3",
			"resolved": "https://registry.npmjs.org/entities/-/entities-2.0.3.tgz",
			"integrity": "sha512-MyoZ0jgnLvB2X3Lg5HqpFmn1kybDiIfEQmKzTb5apr51Rb+T3KdmMiqa70T+bhGnyv7bQ6WMj2QMHpGMmlrUYQ=="
		},
		"mdn-data": {
			"version": "2.0.6",
			"resolved": "https://registry.npmjs.org/mdn-data/-/mdn-data-2.0.6.tgz",
			"integrity": "sha512-rQvjv71olwNHgiTbfPZFkJtjNMciWgswYeciZhtvWLO8bmX3TnhyA62I6sTWOyZssWHJJjY6/KiWwqQsWWsqOA=="
		},
		"nth-check": {
			"version": "1.0.2",
			"resolved": "https://registry.npmjs.org/nth-check/-/nth-check-1.0.2.tgz",
			"integrity": "sha512-WeBOdju8SnzPN5vTUJYxYUxLeXpCaVP5i5e0LF8fg7WORF2Wd7wFX/pk0tYZk7s8T+J7VLy0Da6J1+wCT0AtHg==",
			"requires": {
				"boolbase": "~1.0.0"
			}
		},
		"react-native-svg": {
			"version": "12.1.0",
			"resolved": "https://registry.npmjs.org/react-native-svg/-/react-native-svg-12.1.0.tgz",
			"integrity": "sha512-1g9qBRci7man8QsHoXn6tP3DhCDiypGgc6+AOWq+Sy+PmP6yiyf8VmvKuoqrPam/tf5x+ZaBT2KI0gl7bptZ7w==",
			"requires": {
				"css-select": "^2.1.0",
				"css-tree": "^1.0.0-alpha.39"
			}
		},
		"source-map": {
			"version": "0.6.1",
			"resolved": "https://registry.npmjs.org/source-map/-/source-map-0.6.1.tgz",
			"integrity": "sha512-UjgapumWlbMhkBgzT7Ykc5YXUT46F0iKu8SGXq0bcwP5dz/h0Plj6enJqjz1Zbq2l5WaqYnrVbwWOWMyF3F47g=="
		}
	}
}
